<?xml version="1.0" encoding="utf-8"?>
<Project ToolsVersion="4.0" xmlns="http://schemas.microsoft.com/developer/msbuild/2003">
  <ItemGroup>
    <Filter Include="Arquivos de Origem">
      <UniqueIdentifier>{4FC737F1-C7A5-4376-A066-2A32D752A2FF}</UniqueIdentifier>
      <Extensions>cpp;c;cc;cxx;c++;cppm;ixx;def;odl;idl;hpj;bat;asm;asmx</Extensions>
    </Filter>
    <Filter Include="Arquivos de Cabeçalho">
      <UniqueIdentifier>{93995380-89BD-4b04-88EB-625FBE52EBFB}</UniqueIdentifier>
      <Extensions>h;hh;hpp;hxx;h++;hm;inl;inc;ipp;xsd</Extensions>
    </Filter>
    <Filter Include="Arquivos de Recurso">
      <UniqueIdentifier>{67DA6AB6-F800-4c08-8B7A-83BB121AAD01}</UniqueIdentifier>
      <Extensions>rc;ico;cur;bmp;dlg;rc2;rct;bin;rgs;gif;jpg;jpeg;jpe;resx;tiff;tif;png;wav;mfcribbon-ms</Extensions>
    </Filter>
    <Filter Include="Arquivos de Cabeçalho\proc">
      <UniqueIdentifier>{3a60a2ed-c41c-4d12-a23a-10f58e753bf0}</UniqueIdentifier>
    </Filter>
    <Filter Include="Arquivos de Cabeçalho\stdafx">
      <UniqueIdentifier>{c9f90565-9cf9-47c9-86f8-cd7a54dc8dce}</UniqueIdentifier>
    </Filter>
    <Filter Include="Arquivos de Cabeçalho\mem">
      <UniqueIdentifier>{dbc0caf9-1854-4f07-956f-7324d36fbdb4}</UniqueIdentifier>
    </Filter>
  </ItemGroup>
  <ItemGroup>
    <ClCompile Include="Source.cpp">
      <Filter>Arquivos de Origem</Filter>
    </ClCompile>
    <ClCompile Include="proc.cpp">
      <Filter>Arquivos de Cabeçalho\proc</Filter>
    </ClCompile>
    <ClCompile Include="..\..\HackTutorial\HackTutorial\stdafx.cpp">
      <Filter>Arquivos de Cabeçalho\stdafx</Filter>
    </ClCompile>
    <ClCompile Include="mem.cpp">
      <Filter>Arquivos de Cabeçalho\mem</Filter>
    </ClCompile>
  </ItemGroup>
  <ItemGroup>
    <ClInclude Include="proc.h">
      <Filter>Arquivos de Cabeçalho\proc</Filter>
    </ClInclude>
    <ClInclude Include="..\..\HackTutorial\HackTutorial\stdafx.h">
      <Filter>Arquivos de Cabeçalho\stdafx</Filter>
    </ClInclude>
    <ClInclude Include="..\..\HackTutorial\HackTutorial\targetver.h">
      <Filter>Arquivos de Cabeçalho\stdafx</Filter>
    </ClInclude>
    <ClInclude Include="mem.h">
      <Filter>Arquivos de Cabeçalho\mem</Filter>
    </ClInclude>
  </ItemGroup>
</Project>